# This file was autogenerated by Stack.
# You should not edit this file by hand.
# For more information, please see the documentation at:
#   https://docs.haskellstack.org/en/stable/lock_files

packages:
- completed:
    name: matplotlib
    version: 0.7.7
    git: https://github.com/abarbu/matplotlib-haskell
    pantry-tree:
      size: 1059
      sha256: 56fec510202db68bf4ad28e0add00dd14437cfe5a321600f056be34790a8f921
    commit: 5c186cb5b9e80212c92c72a68e9ebbc260d413a8
  original:
    git: https://github.com/abarbu/matplotlib-haskell
    commit: 5c186cb5b9e80212c92c72a68e9ebbc260d413a8
- completed:
    name: docopt
    version: 0.7.0.7
    git: https://github.com/docopt/docopt.hs.git
    pantry-tree:
      size: 1808
      sha256: 4f12f39fd4d913aafb82b21843a27230c0a9bdd2231ebac090dbe70b9fcacdae
    commit: bdc4c679bf0185ab6c1895172f011193d9e9922c
  original:
    git: https://github.com/docopt/docopt.hs.git
    commit: bdc4c679bf0185ab6c1895172f011193d9e9922c
- completed:
    hackage: proto-lens-setup-0.4.0.5@sha256:ae4514963a6c20ad059bba427cd14b94c6007f614d797ebecae3c37f8bf0fa96,3108
    pantry-tree:
      size: 235
      sha256: 14982fbc9ee0c6f9f9a59c2639b647613eb9c2cfa1d5b1b323077a15ae285ccf
  original:
    hackage: proto-lens-setup-0.4.0.5
- completed:
    hackage: proto-lens-0.7.1.0@sha256:b151890929e71db5b8c2ad86cd758bcdf1dfcf25f34eb6c9ce19e3d7cd4eae39,2959
    pantry-tree:
      size: 1857
      sha256: 2f1199d04d0588805e06faa0bf9a75898584d76243d4f945acbcc0e93913732e
  original:
    hackage: proto-lens-0.7.1.0
- completed:
    hackage: proto-lens-runtime-0.7.0.1@sha256:703f327422b2e204f8ea13c5e178edd8ab42ccd01c7a5a89fcb1b37ab474c68a,3038
    pantry-tree:
      size: 168
      sha256: 145cb9a15b73d45b07cb3f9f0716256b2ed9e27ac296268ce100a4f0e477e110
  original:
    hackage: proto-lens-runtime-0.7.0.1
- completed:
    hackage: proto-lens-protoc-0.7.1.0@sha256:b0b92498af74fc4bb770d51f84405d591e73c085a0c1d9952dd3e14ce07b538f,2220
    pantry-tree:
      size: 1219
      sha256: 1aaa82cb2823b33c9ea96608cc7ec245e54a0d14de8f18736be03220d8dbe683
  original:
    hackage: proto-lens-protoc-0.7.1.0
- completed:
    name: cpython
    version: 3.5.1
    git: https://github.com/abarbu/haskell-cpython
    pantry-tree:
      size: 3087
      sha256: 814ac53161b9ab0214cf99a1773482ae418457e4086a9bcf821c44d3eff49ec7
    commit: 3c3c89acbc5a5fa6d60fc23a148f39eb330ecfac
  original:
    git: https://github.com/abarbu/haskell-cpython
    commit: 3c3c89acbc5a5fa6d60fc23a148f39eb330ecfac
snapshots:
- completed:
    size: 586268
    url: https://raw.githubusercontent.com/commercialhaskell/stackage-snapshots/master/lts/18/13.yaml
    sha256: d9e658a22cfe8d87a64fdf219885f942fef5fe2bcb156a9800174911c5da2443
  original: lts-18.13
